
Microsoft Visual Studio Solution File, Format Version 12.00
# Visual Studio Version 17
VisualStudioVersion = 17.5.33516.290
MinimumVisualStudioVersion = 10.0.40219.1
Project("{00D1A9C2-B5F0-4AF3-8072-F6C62B433612}") = "Auth_Security_DB", "Auth_Security_DB\Auth_Security_DB.sqlproj", "{F1412DFE-5359-4585-8795-F802B3965722}"
EndProject
Project("{FAE04EC0-301F-11D3-BF4B-00C04F79EFBC}") = "Auth_Security_API", "Auth_Security_API\Auth_Security_API.csproj", "{C5CF3BD5-ED59-4E52-9E05-506140F6E29A}"
EndProject
Project("{FAE04EC0-301F-11D3-BF4B-00C04F79EFBC}") = "Auth_Security_Domain", "Auth_Security_Domain\Auth_Security_Domain.csproj", "{78AC3DEF-404E-4422-9A8E-C982A549C004}"
EndProject
Global
	GlobalSection(SolutionConfigurationPlatforms) = preSolution
		Debug|Any CPU = Debug|Any CPU
		Release|Any CPU = Release|Any CPU
	EndGlobalSection
	GlobalSection(ProjectConfigurationPlatforms) = postSolution
		{F1412DFE-5359-4585-8795-F802B3965722}.Debug|Any CPU.ActiveCfg = Debug|Any CPU
		{F1412DFE-5359-4585-8795-F802B3965722}.Debug|Any CPU.Build.0 = Debug|Any CPU
		{F1412DFE-5359-4585-8795-F802B3965722}.Debug|Any CPU.Deploy.0 = Debug|Any CPU
		{F1412DFE-5359-4585-8795-F802B3965722}.Release|Any CPU.ActiveCfg = Release|Any CPU
		{F1412DFE-5359-4585-8795-F802B3965722}.Release|Any CPU.Build.0 = Release|Any CPU
		{F1412DFE-5359-4585-8795-F802B3965722}.Release|Any CPU.Deploy.0 = Release|Any CPU
		{C5CF3BD5-ED59-4E52-9E05-506140F6E29A}.Debug|Any CPU.ActiveCfg = Debug|Any CPU
		{C5CF3BD5-ED59-4E52-9E05-506140F6E29A}.Debug|Any CPU.Build.0 = Debug|Any CPU
		{C5CF3BD5-ED59-4E52-9E05-506140F6E29A}.Release|Any CPU.ActiveCfg = Release|Any CPU
		{C5CF3BD5-ED59-4E52-9E05-506140F6E29A}.Release|Any CPU.Build.0 = Release|Any CPU
		{78AC3DEF-404E-4422-9A8E-C982A549C004}.Debug|Any CPU.ActiveCfg = Debug|Any CPU
		{78AC3DEF-404E-4422-9A8E-C982A549C004}.Debug|Any CPU.Build.0 = Debug|Any CPU
		{78AC3DEF-404E-4422-9A8E-C982A549C004}.Release|Any CPU.ActiveCfg = Release|Any CPU
		{78AC3DEF-404E-4422-9A8E-C982A549C004}.Release|Any CPU.Build.0 = Release|Any CPU
	EndGlobalSection
	GlobalSection(SolutionProperties) = preSolution
		HideSolutionNode = FALSE
	EndGlobalSection
	GlobalSection(ExtensibilityGlobals) = postSolution
		SolutionGuid = {5F38F005-90F2-42E9-8D36-CF5444875749}
	EndGlobalSection
EndGlobal
